{
  "name": "civil-law-firm",
  "lockfileVersion": 2,
  "requires": true,
  "packages": {
    "": {
      "dependencies": {
        "@fancyapps/ui": "^4.0.31",
        "jquery-form-styler": "^2.0.2"
      }
    },
    "node_modules/@fancyapps/ui": {
      "version": "4.0.31",
      "resolved": "https://registry.npmjs.org/@fancyapps/ui/-/ui-4.0.31.tgz",
      "integrity": "sha512-D7+PMIloxSOFJyY+lXcNlVDhmssOmDT6PT5fqQUIiws2hT7PH29r0EKZxERmACSQpm6qrFkP7rSguzXWvRJduQ=="
    },
    "node_modules/jquery": {
      "version": "1.12.4",
      "resolved": "https://registry.npmjs.org/jquery/-/jquery-1.12.4.tgz",
      "integrity": "sha512-UEVp7PPK9xXYSk8xqXCJrkXnKZtlgWkd2GsAQbMRFK6S/ePU2JN5G2Zum8hIVjzR3CpdfSqdqAzId/xd4TJHeg=="
    },
    "node_modules/jquery-form-styler": {
      "version": "2.0.2",
      "resolved": "https://registry.npmjs.org/jquery-form-styler/-/jquery-form-styler-2.0.2.tgz",
      "integrity": "sha512-gWjOmLq8waIqkt9oCCUspGLvknTesh3m8BjACl250Gb0XRs1ZeRBq3zNqQeDg/eaZjEEbDOS4Wcr4PMHI7IsMg==",
      "dependencies": {
        "jquery": "^1.7.0"
      }
    }
  },
  "dependencies": {
    "@fancyapps/ui": {
      "version": "4.0.31",
      "resolved": "https://registry.npmjs.org/@fancyapps/ui/-/ui-4.0.31.tgz",
      "integrity": "sha512-D7+PMIloxSOFJyY+lXcNlVDhmssOmDT6PT5fqQUIiws2hT7PH29r0EKZxERmACSQpm6qrFkP7rSguzXWvRJduQ=="
    },
    "jquery": {
      "version": "1.12.4",
      "resolved": "https://registry.npmjs.org/jquery/-/jquery-1.12.4.tgz",
      "integrity": "sha512-UEVp7PPK9xXYSk8xqXCJrkXnKZtlgWkd2GsAQbMRFK6S/ePU2JN5G2Zum8hIVjzR3CpdfSqdqAzId/xd4TJHeg=="
    },
    "jquery-form-styler": {
      "version": "2.0.2",
      "resolved": "https://registry.npmjs.org/jquery-form-styler/-/jquery-form-styler-2.0.2.tgz",
      "integrity": "sha512-gWjOmLq8waIqkt9oCCUspGLvknTesh3m8BjACl250Gb0XRs1ZeRBq3zNqQeDg/eaZjEEbDOS4Wcr4PMHI7IsMg==",
      "requires": {
        "jquery": "^1.7.0"
      }
    }
  }
}
